// !$*UTF8*$!
{
	archiveVersion = 1;
	classes = {
	};
	objectVersion = 56;
	objects = {

/* Begin PBXBuildFile section */
		17180BB6292FBAF700882FA2 /* YeetWorkApp.swift in Sources */ = {isa = PBXBuildFile; fileRef = 17180BB5292FBAF700882FA2 /* YeetWorkApp.swift */; };
		17180BB8292FBAF700882FA2 /* ContentView.swift in Sources */ = {isa = PBXBuildFile; fileRef = 17180BB7292FBAF700882FA2 /* ContentView.swift */; };
		17180BBA292FBAFA00882FA2 /* Assets.xcassets in Resources */ = {isa = PBXBuildFile; fileRef = 17180BB9292FBAFA00882FA2 /* Assets.xcassets */; };
		17180BBD292FBAFA00882FA2 /* Preview Assets.xcassets in Resources */ = {isa = PBXBuildFile; fileRef = 17180BBC292FBAFA00882FA2 /* Preview Assets.xcassets */; };
		17180BC7292FBAFA00882FA2 /* YeetWorkTests.swift in Sources */ = {isa = PBXBuildFile; fileRef = 17180BC6292FBAFA00882FA2 /* YeetWorkTests.swift */; };
		17180BD1292FBAFA00882FA2 /* YeetWorkUITests.swift in Sources */ = {isa = PBXBuildFile; fileRef = 17180BD0292FBAFA00882FA2 /* YeetWorkUITests.swift */; };
		17180BD3292FBAFA00882FA2 /* YeetWorkUITestsLaunchTests.swift in Sources */ = {isa = PBXBuildFile; fileRef = 17180BD2292FBAFA00882FA2 /* YeetWorkUITestsLaunchTests.swift */; };
/* End PBXBuildFile section */

/* Begin PBXContainerItemProxy section */
		17180BC3292FBAFA00882FA2 /* PBXContainerItemProxy */ = {
			isa = PBXContainerItemProxy;
			containerPortal = 17180BAA292FBAF600882FA2 /* Project object */;
			proxyType = 1;
			remoteGlobalIDString = 17180BB1292FBAF700882FA2;
			remoteInfo = YeetWork;
		};
		17180BCD292FBAFA00882FA2 /* PBXContainerItemProxy */ = {
			isa = PBXContainerItemProxy;
			containerPortal = 17180BAA292FBAF600882FA2 /* Project object */;
			proxyType = 1;
			remoteGlobalIDString = 17180BB1292FBAF700882FA2;
			remoteInfo = YeetWork;
		};
/* End PBXContainerItemProxy section */

/* Begin PBXFileReference section */
		17180BB2292FBAF700882FA2 /* YeetWork.app */ = {isa = PBXFileReference; explicitFileType = wrapper.application; includeInIndex = 0; path = YeetWork.app; sourceTree = BUILT_PRODUCTS_DIR; };
		17180BB5292FBAF700882FA2 /* YeetWorkApp.swift */ = {isa = PBXFileReference; lastKnownFileType = sourcecode.swift; path = YeetWorkApp.swift; sourceTree = "<group>"; };
		17180BB7292FBAF700882FA2 /* ContentView.swift */ = {isa = PBXFileReference; lastKnownFileType = sourcecode.swift; path = ContentView.swift; sourceTree = "<group>"; };
		17180BB9292FBAFA00882FA2 /* Assets.xcassets */ = {isa = PBXFileReference; lastKnownFileType = folder.assetcatalog; path = Assets.xcassets; sourceTree = "<group>"; };
		17180BBC292FBAFA00882FA2 /* Preview Assets.xcassets */ = {isa = PBXFileReference; lastKnownFileType = folder.assetcatalog; path = "Preview Assets.xcassets"; sourceTree = "<group>"; };
		17180BC2292FBAFA00882FA2 /* YeetWorkTests.xctest */ = {isa = PBXFileReference; explicitFileType = wrapper.cfbundle; includeInIndex = 0; path = YeetWorkTests.xctest; sourceTree = BUILT_PRODUCTS_DIR; };
		17180BC6292FBAFA00882FA2 /* YeetWorkTests.swift */ = {isa = PBXFileReference; lastKnownFileType = sourcecode.swift; path = YeetWorkTests.swift; sourceTree = "<group>"; };
		17180BCC292FBAFA00882FA2 /* YeetWorkUITests.xctest */ = {isa = PBXFileReference; explicitFileType = wrapper.cfbundle; includeInIndex = 0; path = YeetWorkUITests.xctest; sourceTree = BUILT_PRODUCTS_DIR; };
		17180BD0292FBAFA00882FA2 /* YeetWorkUITests.swift */ = {isa = PBXFileReference; lastKnownFileType = sourcecode.swift; path = YeetWorkUITests.swift; sourceTree = "<group>"; };
		17180BD2292FBAFA00882FA2 /* YeetWorkUITestsLaunchTests.swift */ = {isa = PBXFileReference; lastKnownFileType = sourcecode.swift; path = YeetWorkUITestsLaunchTests.swift; sourceTree = "<group>"; };
/* End PBXFileReference section */

/* Begin PBXFrameworksBuildPhase section */
		17180BAF292FBAF700882FA2 /* Frameworks */ = {
			isa = PBXFrameworksBuildPhase;
			buildActionMask = 2147483647;
			files = (
			);
			runOnlyForDeploymentPostprocessing = 0;
		};
		17180BBF292FBAFA00882FA2 /* Frameworks */ = {
			isa = PBXFrameworksBuildPhase;
			buildActionMask = 2147483647;
			files = (
			);
			runOnlyForDeploymentPostprocessing = 0;
		};
		17180BC9292FBAFA00882FA2 /* Frameworks */ = {
			isa = PBXFrameworksBuildPhase;
			buildActionMask = 2147483647;
			files = (
			);
			runOnlyForDeploymentPostprocessing = 0;
		};
/* End PBXFrameworksBuildPhase section */

/* Begin PBXGroup section */
		17180BA9292FBAF600882FA2 = {
			isa = PBXGroup;
			children = (
				17180BB4292FBAF700882FA2 /* YeetWork */,
				17180BC5292FBAFA00882FA2 /* YeetWorkTests */,
				17180BCF292FBAFA00882FA2 /* YeetWorkUITests */,
				17180BB3292FBAF700882FA2 /* Products */,
			);
			sourceTree = "<group>";
		};
		17180BB3292FBAF700882FA2 /* Products */ = {
			isa = PBXGroup;
			children = (
				17180BB2292FBAF700882FA2 /* YeetWork.app */,
				17180BC2292FBAFA00882FA2 /* YeetWorkTests.xctest */,
				17180BCC292FBAFA00882FA2 /* YeetWorkUITests.xctest */,
			);
			name = Products;
			sourceTree = "<group>";
		};
		17180BB4292FBAF700882FA2 /* YeetWork */ = {
			isa = PBXGroup;
			children = (
				17180BB5292FBAF700882FA2 /* YeetWorkApp.swift */,
				17180BB7292FBAF700882FA2 /* ContentView.swift */,
				17180BB9292FBAFA00882FA2 /* Assets.xcassets */,
				17180BBB292FBAFA00882FA2 /* Preview Content */,
			);
			path = YeetWork;
			sourceTree = "<group>";
		};
		17180BBB292FBAFA00882FA2 /* Preview Content */ = {
			isa = PBXGroup;
			children = (
				17180BBC292FBAFA00882FA2 /* Preview Assets.xcassets */,
			);
			path = "Preview Content";
			sourceTree = "<group>";
		};
		17180BC5292FBAFA00882FA2 /* YeetWorkTests */ = {
			isa = PBXGroup;
			children = (
				17180BC6292FBAFA00882FA2 /* YeetWorkTests.swift */,
			);
			path = YeetWorkTests;
			sourceTree = "<group>";
		};
		17180BCF292FBAFA00882FA2 /* YeetWorkUITests */ = {
			isa = PBXGroup;
			children = (
				17180BD0292FBAFA00882FA2 /* YeetWorkUITests.swift */,
				17180BD2292FBAFA00882FA2 /* YeetWorkUITestsLaunchTests.swift */,
			);
			path = YeetWorkUITests;
			sourceTree = "<group>";
		};
/* End PBXGroup section */

/* Begin PBXNativeTarget section */
		17180BB1292FBAF700882FA2 /* YeetWork */ = {
			isa = PBXNativeTarget;
			buildConfigurationList = 17180BD6292FBAFA00882FA2 /* Build configuration list for PBXNativeTarget "YeetWork" */;
			buildPhases = (
				17180BAE292FBAF700882FA2 /* Sources */,
				17180BAF292FBAF700882FA2 /* Frameworks */,
				17180BB0292FBAF700882FA2 /* Resources */,
			);
			buildRules = (
			);
			dependencies = (
			);
			name = YeetWork;
			productName = YeetWork;
			productReference = 17180BB2292FBAF700882FA2 /* YeetWork.app */;
			productType = "com.apple.product-type.application";
		};
		17180BC1292FBAFA00882FA2 /* YeetWorkTests */ = {
			isa = PBXNativeTarget;
			buildConfigurationList = 17180BD9292FBAFA00882FA2 /* Build configuration list for PBXNativeTarget "YeetWorkTests" */;
			buildPhases = (
				17180BBE292FBAFA00882FA2 /* Sources */,
				17180BBF292FBAFA00882FA2 /* Frameworks */,
				17180BC0292FBAFA00882FA2 /* Resources */,
			);
			buildRules = (
			);
			dependencies = (
				17180BC4292FBAFA00882FA2 /* PBXTargetDependency */,
			);
			name = YeetWorkTests;
			productName = YeetWorkTests;
			productReference = 17180BC2292FBAFA00882FA2 /* YeetWorkTests.xctest */;
			productType = "com.apple.product-type.bundle.unit-test";
		};
		17180BCB292FBAFA00882FA2 /* YeetWorkUITests */ = {
			isa = PBXNativeTarget;
			buildConfigurationList = 17180BDC292FBAFA00882FA2 /* Build configuration list for PBXNativeTarget "YeetWorkUITests" */;
			buildPhases = (
				17180BC8292FBAFA00882FA2 /* Sources */,
				17180BC9292FBAFA00882FA2 /* Frameworks */,
				17180BCA292FBAFA00882FA2 /* Resources */,
			);
			buildRules = (
			);
			dependencies = (
				17180BCE292FBAFA00882FA2 /* PBXTargetDependency */,
			);
			name = YeetWorkUITests;
			productName = YeetWorkUITests;
			productReference = 17180BCC292FBAFA00882FA2 /* YeetWorkUITests.xctest */;
			productType = "com.apple.product-type.bundle.ui-testing";
		};
/* End PBXNativeTarget section */

/* Begin PBXProject section */
		17180BAA292FBAF600882FA2 /* Project object */ = {
			isa = PBXProject;
			attributes = {
				BuildIndependentTargetsInParallel = 1;
				LastSwiftUpdateCheck = 1410;
				LastUpgradeCheck = 1410;
				TargetAttributes = {
					17180BB1292FBAF700882FA2 = {
						CreatedOnToolsVersion = 14.1;
					};
					17180BC1292FBAFA00882FA2 = {
						CreatedOnToolsVersion = 14.1;
						TestTargetID = 17180BB1292FBAF700882FA2;
					};
					17180BCB292FBAFA00882FA2 = {
						CreatedOnToolsVersion = 14.1;
						TestTargetID = 17180BB1292FBAF700882FA2;
					};
				};
			};
			buildConfigurationList = 17180BAD292FBAF600882FA2 /* Build configuration list for PBXProject "YeetWork" */;
			compatibilityVersion = "Xcode 14.0";
			developmentRegion = en;
			hasScannedForEncodings = 0;
			knownRegions = (
				en,
				Base,
			);
			mainGroup = 17180BA9292FBAF600882FA2;
			productRefGroup = 17180BB3292FBAF700882FA2 /* Products */;
			projectDirPath = "";
			projectRoot = "";
			targets = (
				17180BB1292FBAF700882FA2 /* YeetWork */,
				17180BC1292FBAFA00882FA2 /* YeetWorkTests */,
				17180BCB292FBAFA00882FA2 /* YeetWorkUITests */,
			);
		};
/* End PBXProject section */

/* Begin PBXResourcesBuildPhase section */
		17180BB0292FBAF700882FA2 /* Resources */ = {
			isa = PBXResourcesBuildPhase;
			buildActionMask = 2147483647;
			files = (
				17180BBD292FBAFA00882FA2 /* Preview Assets.xcassets in Resources */,
				17180BBA292FBAFA00882FA2 /* Assets.xcassets in Resources */,
			);
			runOnlyForDeploymentPostprocessing = 0;
		};
		17180BC0292FBAFA00882FA2 /* Resources */ = {
			isa = PBXResourcesBuildPhase;
			buildActionMask = 2147483647;
			files = (
			);
			runOnlyForDeploymentPostprocessing = 0;
		};
		17180BCA292FBAFA00882FA2 /* Resources */ = {
			isa = PBXResourcesBuildPhase;
			buildActionMask = 2147483647;
			files = (
			);
			runOnlyForDeploymentPostprocessing = 0;
		};
/* End PBXResourcesBuildPhase section */

/* Begin PBXSourcesBuildPhase section */
		17180BAE292FBAF700882FA2 /* Sources */ = {
			isa = PBXSourcesBuildPhase;
			buildActionMask = 2147483647;
			files = (
				17180BB8292FBAF700882FA2 /* ContentView.swift in Sources */,
				17180BB6292FBAF700882FA2 /* YeetWorkApp.swift in Sources */,
			);
			runOnlyForDeploymentPostprocessing = 0;
		};
		17180BBE292FBAFA00882FA2 /* Sources */ = {
			isa = PBXSourcesBuildPhase;
			buildActionMask = 2147483647;
			files = (
				17180BC7292FBAFA00882FA2 /* YeetWorkTests.swift in Sources */,
			);
			runOnlyForDeploymentPostprocessing = 0;
		};
		17180BC8292FBAFA00882FA2 /* Sources */ = {
			isa = PBXSourcesBuildPhase;
			buildActionMask = 2147483647;
			files = (
				17180BD3292FBAFA00882FA2 /* YeetWorkUITestsLaunchTests.swift in Sources */,
				17180BD1292FBAFA00882FA2 /* YeetWorkUITests.swift in Sources */,
			);
			runOnlyForDeploymentPostprocessing = 0;
		};
/* End PBXSourcesBuildPhase section */

/* Begin PBXTargetDependency section */
		17180BC4292FBAFA00882FA2 /* PBXTargetDependency */ = {
			isa = PBXTargetDependency;
			target = 17180BB1292FBAF700882FA2 /* YeetWork */;
			targetProxy = 17180BC3292FBAFA00882FA2 /* PBXContainerItemProxy */;
		};
		17180BCE292FBAFA00882FA2 /* PBXTargetDependency */ = {
			isa = PBXTargetDependency;
			target = 17180BB1292FBAF700882FA2 /* YeetWork */;
			targetProxy = 17180BCD292FBAFA00882FA2 /* PBXContainerItemProxy */;
		};
/* End PBXTargetDependency section */

/* Begin XCBuildConfiguration section */
		17180BD4292FBAFA00882FA2 /* Debug */ = {
			isa = XCBuildConfiguration;
			buildSettings = {
				ALWAYS_SEARCH_USER_PATHS = NO;
				CLANG_ANALYZER_NONNULL = YES;
				CLANG_ANALYZER_NUMBER_OBJECT_CONVERSION = YES_AGGRESSIVE;
				CLANG_CXX_LANGUAGE_STANDARD = "gnu++20";
				CLANG_ENABLE_MODULES = YES;
				CLANG_ENABLE_OBJC_ARC = YES;
				CLANG_ENABLE_OBJC_WEAK = YES;
				CLANG_WARN_BLOCK_CAPTURE_AUTORELEASING = YES;
				CLANG_WARN_BOOL_CONVERSION = YES;
				CLANG_WARN_COMMA = YES;
				CLANG_WARN_CONSTANT_CONVERSION = YES;
				CLANG_WARN_DEPRECATED_OBJC_IMPLEMENTATIONS = YES;
				CLANG_WARN_DIRECT_OBJC_ISA_USAGE = YES_ERROR;
				CLANG_WARN_DOCUMENTATION_COMMENTS = YES;
				CLANG_WARN_EMPTY_BODY = YES;
				CLANG_WARN_ENUM_CONVERSION = YES;
				CLANG_WARN_INFINITE_RECURSION = YES;
				CLANG_WARN_INT_CONVERSION = YES;
				CLANG_WARN_NON_LITERAL_NULL_CONVERSION = YES;
				CLANG_WARN_OBJC_IMPLICIT_RETAIN_SELF = YES;
				CLANG_WARN_OBJC_LITERAL_CONVERSION = YES;
				CLANG_WARN_OBJC_ROOT_CLASS = YES_ERROR;
				CLANG_WARN_QUOTED_INCLUDE_IN_FRAMEWORK_HEADER = YES;
				CLANG_WARN_RANGE_LOOP_ANALYSIS = YES;
				CLANG_WARN_STRICT_PROTOTYPES = YES;
				CLANG_WARN_SUSPICIOUS_MOVE = YES;
				CLANG_WARN_UNGUARDED_AVAILABILITY = YES_AGGRESSIVE;
				CLANG_WARN_UNREACHABLE_CODE = YES;
				CLANG_WARN__DUPLICATE_METHOD_MATCH = YES;
				COPY_PHASE_STRIP = NO;
				DEBUG_INFORMATION_FORMAT = dwarf;
				ENABLE_STRICT_OBJC_MSGSEND = YES;
				ENABLE_TESTABILITY = YES;
				GCC_C_LANGUAGE_STANDARD = gnu11;
				GCC_DYNAMIC_NO_PIC = NO;
				GCC_NO_COMMON_BLOCKS = YES;
				GCC_OPTIMIZATION_LEVEL = 0;
				GCC_PREPROCESSOR_DEFINITIONS = (
					"DEBUG=1",
					"$(inherited)",
				);
				GCC_WARN_64_TO_32_BIT_CONVERSION = YES;
				GCC_WARN_ABOUT_RETURN_TYPE = YES_ERROR;
				GCC_WARN_UNDECLARED_SELECTOR = YES;
				GCC_WARN_UNINITIALIZED_AUTOS = YES_AGGRESSIVE;
				GCC_WARN_UNUSED_FUNCTION = YES;
				GCC_WARN_UNUSED_VARIABLE = YES;
				IPHONEOS_DEPLOYMENT_TARGET = 16.1;
				MTL_ENABLE_DEBUG_INFO = INCLUDE_SOURCE;
				MTL_FAST_MATH = YES;
				ONLY_ACTIVE_ARCH = YES;
				SDKROOT = iphoneos;
				SWIFT_ACTIVE_COMPILATION_CONDITIONS = DEBUG;
				SWIFT_OPTIMIZATION_LEVEL = "-Onone";
			};
			name = Debug;
		};
		17180BD5292FBAFA00882FA2 /* Release */ = {
			isa = XCBuildConfiguration;
			buildSettings = {
				ALWAYS_SEARCH_USER_PATHS = NO;
				CLANG_ANALYZER_NONNULL = YES;
				CLANG_ANALYZER_NUMBER_OBJECT_CONVERSION = YES_AGGRESSIVE;
				CLANG_CXX_LANGUAGE_STANDARD = "gnu++20";
				CLANG_ENABLE_MODULES = YES;
				CLANG_ENABLE_OBJC_ARC = YES;
				CLANG_ENABLE_OBJC_WEAK = YES;
				CLANG_WARN_BLOCK_CAPTURE_AUTORELEASING = YES;
				CLANG_WARN_BOOL_CONVERSION = YES;
				CLANG_WARN_COMMA = YES;
				CLANG_WARN_CONSTANT_CONVERSION = YES;
				CLANG_WARN_DEPRECATED_OBJC_IMPLEMENTATIONS = YES;
				CLANG_WARN_DIRECT_OBJC_ISA_USAGE = YES_ERROR;
				CLANG_WARN_DOCUMENTATION_COMMENTS = YES;
				CLANG_WARN_EMPTY_BODY = YES;
				CLANG_WARN_ENUM_CONVERSION = YES;
				CLANG_WARN_INFINITE_RECURSION = YES;
				CLANG_WARN_INT_CONVERSION = YES;
				CLANG_WARN_NON_LITERAL_NULL_CONVERSION = YES;
				CLANG_WARN_OBJC_IMPLICIT_RETAIN_SELF = YES;
				CLANG_WARN_OBJC_LITERAL_CONVERSION = YES;
				CLANG_WARN_OBJC_ROOT_CLASS = YES_ERROR;
				CLANG_WARN_QUOTED_INCLUDE_IN_FRAMEWORK_HEADER = YES;
				CLANG_WARN_RANGE_LOOP_ANALYSIS = YES;
				CLANG_WARN_STRICT_PROTOTYPES = YES;
				CLANG_WARN_SUSPICIOUS_MOVE = YES;
				CLANG_WARN_UNGUARDED_AVAILABILITY = YES_AGGRESSIVE;
				CLANG_WARN_UNREACHABLE_CODE = YES;
				CLANG_WARN__DUPLICATE_METHOD_MATCH = YES;
				COPY_PHASE_STRIP = NO;
				DEBUG_INFORMATION_FORMAT = "dwarf-with-dsym";
				ENABLE_NS_ASSERTIONS = NO;
				ENABLE_STRICT_OBJC_MSGSEND = YES;
				GCC_C_LANGUAGE_STANDARD = gnu11;
				GCC_NO_COMMON_BLOCKS = YES;
				GCC_WARN_64_TO_32_BIT_CONVERSION = YES;
				GCC_WARN_ABOUT_RETURN_TYPE = YES_ERROR;
				GCC_WARN_UNDECLARED_SELECTOR = YES;
				GCC_WARN_UNINITIALIZED_AUTOS = YES_AGGRESSIVE;
				GCC_WARN_UNUSED_FUNCTION = YES;
				GCC_WARN_UNUSED_VARIABLE = YES;
				IPHONEOS_DEPLOYMENT_TARGET = 16.1;
				MTL_ENABLE_DEBUG_INFO = NO;
				MTL_FAST_MATH = YES;
				SDKROOT = iphoneos;
				SWIFT_COMPILATION_MODE = wholemodule;
				SWIFT_OPTIMIZATION_LEVEL = "-O";
				VALIDATE_PRODUCT = YES;
			};
			name = Release;
		};
		17180BD7292FBAFA00882FA2 /* Debug */ = {
			isa = XCBuildConfiguration;
			buildSettings = {
				ASSETCATALOG_COMPILER_APPICON_NAME = AppIcon;
				ASSETCATALOG_COMPILER_GLOBAL_ACCENT_COLOR_NAME = AccentColor;
				CODE_SIGN_STYLE = Automatic;
				CURRENT_PROJECT_VERSION = 1;
				DEVELOPMENT_ASSET_PATHS = "\"YeetWork/Preview Content\"";
				DEVELOPMENT_TEAM = 7FV6Q4NKJ5;
				ENABLE_PREVIEWS = YES;
				GENERATE_INFOPLIST_FILE = YES;
				INFOPLIST_KEY_UIApplicationSceneManifest_Generation = YES;
				INFOPLIST_KEY_UIApplicationSupportsIndirectInputEvents = YES;
				INFOPLIST_KEY_UILaunchScreen_Generation = YES;
				INFOPLIST_KEY_UISupportedInterfaceOrientations_iPad = "UIInterfaceOrientationPortrait UIInterfaceOrientationPortraitUpsideDown UIInterfaceOrientationLandscapeLeft UIInterfaceOrientationLandscapeRight";
				INFOPLIST_KEY_UISupportedInterfaceOrientations_iPhone = "UIInterfaceOrientationPortrait UIInterfaceOrientationLandscapeLeft UIInterfaceOrientationLandscapeRight";
				LD_RUNPATH_SEARCH_PATHS = (
					"$(inherited)",
					"@executable_path/Frameworks",
				);
				MARKETING_VERSION = 1.0;
				PRODUCT_BUNDLE_IDENTIFIER = valentina.ronchi.YeetWork;
				PRODUCT_NAME = "$(TARGET_NAME)";
				SWIFT_EMIT_LOC_STRINGS = YES;
				SWIFT_VERSION = 5.0;
				TARGETED_DEVICE_FAMILY = "1,2";
			};
			name = Debug;
		};
		17180BD8292FBAFA00882FA2 /* Release */ = {
			isa = XCBuildConfiguration;
			buildSettings = {
				ASSETCATALOG_COMPILER_APPICON_NAME = AppIcon;
				ASSETCATALOG_COMPILER_GLOBAL_ACCENT_COLOR_NAME = AccentColor;
				CODE_SIGN_STYLE = Automatic;
				CURRENT_PROJECT_VERSION = 1;
				DEVELOPMENT_ASSET_PATHS = "\"YeetWork/Preview Content\"";
				DEVELOPMENT_TEAM = 7FV6Q4NKJ5;
				ENABLE_PREVIEWS = YES;
				GENERATE_INFOPLIST_FILE = YES;
				INFOPLIST_KEY_UIApplicationSceneManifest_Generation = YES;
				INFOPLIST_KEY_UIApplicationSupportsIndirectInputEvents = YES;
				INFOPLIST_KEY_UILaunchScreen_Generation = YES;
				INFOPLIST_KEY_UISupportedInterfaceOrientations_iPad = "UIInterfaceOrientationPortrait UIInterfaceOrientationPortraitUpsideDown UIInterfaceOrientationLandscapeLeft UIInterfaceOrientationLandscapeRight";
				INFOPLIST_KEY_UISupportedInterfaceOrientations_iPhone = "UIInterfaceOrientationPortrait UIInterfaceOrientationLandscapeLeft UIInterfaceOrientationLandscapeRight";
				LD_RUNPATH_SEARCH_PATHS = (
					"$(inherited)",
					"@executable_path/Frameworks",
				);
				MARKETING_VERSION = 1.0;
				PRODUCT_BUNDLE_IDENTIFIER = valentina.ronchi.YeetWork;
				PRODUCT_NAME = "$(TARGET_NAME)";
				SWIFT_EMIT_LOC_STRINGS = YES;
				SWIFT_VERSION = 5.0;
				TARGETED_DEVICE_FAMILY = "1,2";
			};
			name = Release;
		};
		17180BDA292FBAFA00882FA2 /* Debug */ = {
			isa = XCBuildConfiguration;
			buildSettings = {
				ALWAYS_EMBED_SWIFT_STANDARD_LIBRARIES = YES;
				BUNDLE_LOADER = "$(TEST_HOST)";
				CODE_SIGN_STYLE = Automatic;
				CURRENT_PROJECT_VERSION = 1;
				DEVELOPMENT_TEAM = 7FV6Q4NKJ5;
				GENERATE_INFOPLIST_FILE = YES;
				IPHONEOS_DEPLOYMENT_TARGET = 16.1;
				MARKETING_VERSION = 1.0;
				PRODUCT_BUNDLE_IDENTIFIER = valentina.ronchi.YeetWorkTests;
				PRODUCT_NAME = "$(TARGET_NAME)";
				SWIFT_EMIT_LOC_STRINGS = NO;
				SWIFT_VERSION = 5.0;
				TARGETED_DEVICE_FAMILY = "1,2";
				TEST_HOST = "$(BUILT_PRODUCTS_DIR)/YeetWork.app/$(BUNDLE_EXECUTABLE_FOLDER_PATH)/YeetWork";
			};
			name = Debug;
		};
		17180BDB292FBAFA00882FA2 /* Release */ = {
			isa = XCBuildConfiguration;
			buildSettings = {
				ALWAYS_EMBED_SWIFT_STANDARD_LIBRARIES = YES;
				BUNDLE_LOADER = "$(TEST_HOST)";
				CODE_SIGN_STYLE = Automatic;
				CURRENT_PROJECT_VERSION = 1;
				DEVELOPMENT_TEAM = 7FV6Q4NKJ5;
				GENERATE_INFOPLIST_FILE = YES;
				IPHONEOS_DEPLOYMENT_TARGET = 16.1;
				MARKETING_VERSION = 1.0;
				PRODUCT_BUNDLE_IDENTIFIER = valentina.ronchi.YeetWorkTests;
				PRODUCT_NAME = "$(TARGET_NAME)";
				SWIFT_EMIT_LOC_STRINGS = NO;
				SWIFT_VERSION = 5.0;
				TARGETED_DEVICE_FAMILY = "1,2";
				TEST_HOST = "$(BUILT_PRODUCTS_DIR)/YeetWork.app/$(BUNDLE_EXECUTABLE_FOLDER_PATH)/YeetWork";
			};
			name = Release;
		};
		17180BDD292FBAFA00882FA2 /* Debug */ = {
			isa = XCBuildConfiguration;
			buildSettings = {
				ALWAYS_EMBED_SWIFT_STANDARD_LIBRARIES = YES;
				CODE_SIGN_STYLE = Automatic;
				CURRENT_PROJECT_VERSION = 1;
				DEVELOPMENT_TEAM = 7FV6Q4NKJ5;
				GENERATE_INFOPLIST_FILE = YES;
				MARKETING_VERSION = 1.0;
				PRODUCT_BUNDLE_IDENTIFIER = valentina.ronchi.YeetWorkUITests;
				PRODUCT_NAME = "$(TARGET_NAME)";
				SWIFT_EMIT_LOC_STRINGS = NO;
				SWIFT_VERSION = 5.0;
				TARGETED_DEVICE_FAMILY = "1,2";
				TEST_TARGET_NAME = YeetWork;
			};
			name = Debug;
		};
		17180BDE292FBAFA00882FA2 /* Release */ = {
			isa = XCBuildConfiguration;
			buildSettings = {
				ALWAYS_EMBED_SWIFT_STANDARD_LIBRARIES = YES;
				CODE_SIGN_STYLE = Automatic;
				CURRENT_PROJECT_VERSION = 1;
				DEVELOPMENT_TEAM = 7FV6Q4NKJ5;
				GENERATE_INFOPLIST_FILE = YES;
				MARKETING_VERSION = 1.0;
				PRODUCT_BUNDLE_IDENTIFIER = valentina.ronchi.YeetWorkUITests;
				PRODUCT_NAME = "$(TARGET_NAME)";
				SWIFT_EMIT_LOC_STRINGS = NO;
				SWIFT_VERSION = 5.0;
				TARGETED_DEVICE_FAMILY = "1,2";
				TEST_TARGET_NAME = YeetWork;
			};
			name = Release;
		};
/* End XCBuildConfiguration section */

/* Begin XCConfigurationList section */
		17180BAD292FBAF600882FA2 /* Build configuration list for PBXProject "YeetWork" */ = {
			isa = XCConfigurationList;
			buildConfigurations = (
				17180BD4292FBAFA00882FA2 /* Debug */,
				17180BD5292FBAFA00882FA2 /* Release */,
			);
			defaultConfigurationIsVisible = 0;
			defaultConfigurationName = Release;
		};
		17180BD6292FBAFA00882FA2 /* Build configuration list for PBXNativeTarget "YeetWork" */ = {
			isa = XCConfigurationList;
			buildConfigurations = (
				17180BD7292FBAFA00882FA2 /* Debug */,
				17180BD8292FBAFA00882FA2 /* Release */,
			);
			defaultConfigurationIsVisible = 0;
			defaultConfigurationName = Release;
		};
		17180BD9292FBAFA00882FA2 /* Build configuration list for PBXNativeTarget "YeetWorkTests" */ = {
			isa = XCConfigurationList;
			buildConfigurations = (
				17180BDA292FBAFA00882FA2 /* Debug */,
				17180BDB292FBAFA00882FA2 /* Release */,
			);
			defaultConfigurationIsVisible = 0;
			defaultConfigurationName = Release;
		};
		17180BDC292FBAFA00882FA2 /* Build configuration list for PBXNativeTarget "YeetWorkUITests" */ = {
			isa = XCConfigurationList;
			buildConfigurations = (
				17180BDD292FBAFA00882FA2 /* Debug */,
				17180BDE292FBAFA00882FA2 /* Release */,
			);
			defaultConfigurationIsVisible = 0;
			defaultConfigurationName = Release;
		};
/* End XCConfigurationList section */
	};
	rootObject = 17180BAA292FBAF600882FA2 /* Project object */;
}
