// !$*UTF8*$!
{
	archiveVersion = 1;
	classes = {
	};
	objectVersion = 56;
	objects = {

/* Begin PBXBuildFile section */
		1700F9CB294B972A00FB11F9 /* IntroductionViewModel.swift in Sources */ = {isa = PBXBuildFile; fileRef = 1700F9CA294B972A00FB11F9 /* IntroductionViewModel.swift */; };
		17180BB6292FBAF700882FA2 /* YeetWorkApp.swift in Sources */ = {isa = PBXBuildFile; fileRef = 17180BB5292FBAF700882FA2 /* YeetWorkApp.swift */; };
		17180BBA292FBAFA00882FA2 /* Assets.xcassets in Resources */ = {isa = PBXBuildFile; fileRef = 17180BB9292FBAFA00882FA2 /* Assets.xcassets */; };
		17180BBD292FBAFA00882FA2 /* Preview Assets.xcassets in Resources */ = {isa = PBXBuildFile; fileRef = 17180BBC292FBAFA00882FA2 /* Preview Assets.xcassets */; };
		17180BC7292FBAFA00882FA2 /* YeetWorkTests.swift in Sources */ = {isa = PBXBuildFile; fileRef = 17180BC6292FBAFA00882FA2 /* YeetWorkTests.swift */; };
		17180BD1292FBAFA00882FA2 /* YeetWorkUITests.swift in Sources */ = {isa = PBXBuildFile; fileRef = 17180BD0292FBAFA00882FA2 /* YeetWorkUITests.swift */; };
		17180BD3292FBAFA00882FA2 /* YeetWorkUITestsLaunchTests.swift in Sources */ = {isa = PBXBuildFile; fileRef = 17180BD2292FBAFA00882FA2 /* YeetWorkUITestsLaunchTests.swift */; };
		17185A192980765A00155EB9 /* BottomBarView.swift in Sources */ = {isa = PBXBuildFile; fileRef = 17185A182980765A00155EB9 /* BottomBarView.swift */; };
		1729F01A298587770008AF71 /* SearchFreelancerModel.swift in Sources */ = {isa = PBXBuildFile; fileRef = 1729F019298587770008AF71 /* SearchFreelancerModel.swift */; };
		1729F01C298588A20008AF71 /* CategoriesView.swift in Sources */ = {isa = PBXBuildFile; fileRef = 1729F01B298588A20008AF71 /* CategoriesView.swift */; };
		1729F01E29858F9A0008AF71 /* LocationsView.swift in Sources */ = {isa = PBXBuildFile; fileRef = 1729F01D29858F9A0008AF71 /* LocationsView.swift */; };
		1729F020298593EF0008AF71 /* SwitchSearch.swift in Sources */ = {isa = PBXBuildFile; fileRef = 1729F01F298593EF0008AF71 /* SwitchSearch.swift */; };
		1729F0222986A8F90008AF71 /* FreelancersChoice.swift in Sources */ = {isa = PBXBuildFile; fileRef = 1729F0212986A8F90008AF71 /* FreelancersChoice.swift */; };
		173B067B2986B01100FA5EA4 /* FreelancersChoiceModelView.swift in Sources */ = {isa = PBXBuildFile; fileRef = 173B067A2986B01100FA5EA4 /* FreelancersChoiceModelView.swift */; };
		173B067D2987018600FA5EA4 /* FreelancerDetails.swift in Sources */ = {isa = PBXBuildFile; fileRef = 173B067C2987018600FA5EA4 /* FreelancerDetails.swift */; };
		177BA951296F808A0070A328 /* GoogleService-Info.plist in Resources */ = {isa = PBXBuildFile; fileRef = 177BA950296F80890070A328 /* GoogleService-Info.plist */; };
		177BA954296F822E0070A328 /* FirebaseAuth in Frameworks */ = {isa = PBXBuildFile; productRef = 177BA953296F822E0070A328 /* FirebaseAuth */; };
		177BA957296F83710070A328 /* AuthView.swift in Sources */ = {isa = PBXBuildFile; fileRef = 177BA956296F83710070A328 /* AuthView.swift */; };
		177BA959296F83B40070A328 /* AuthViewModel.swift in Sources */ = {isa = PBXBuildFile; fileRef = 177BA958296F83B40070A328 /* AuthViewModel.swift */; };
		177BA95C2970215F0070A328 /* HomeView.swift in Sources */ = {isa = PBXBuildFile; fileRef = 177BA95B2970215F0070A328 /* HomeView.swift */; };
		177BA95F29702EF50070A328 /* AccountView.swift in Sources */ = {isa = PBXBuildFile; fileRef = 177BA95E29702EF50070A328 /* AccountView.swift */; };
		17A2621C2983366F001041CB /* BoxView.swift in Sources */ = {isa = PBXBuildFile; fileRef = 17A2621B2983366F001041CB /* BoxView.swift */; };
		17A2621E2983371B001041CB /* PopularView.swift in Sources */ = {isa = PBXBuildFile; fileRef = 17A2621D2983371B001041CB /* PopularView.swift */; };
		17A262202983374C001041CB /* ListBoxesView.swift in Sources */ = {isa = PBXBuildFile; fileRef = 17A2621F2983374C001041CB /* ListBoxesView.swift */; };
		17A2622229833B8C001041CB /* HomeViewModel.swift in Sources */ = {isa = PBXBuildFile; fileRef = 17A2622129833B8C001041CB /* HomeViewModel.swift */; };
		17A2622429833E9C001041CB /* ApiResponseModel.swift in Sources */ = {isa = PBXBuildFile; fileRef = 17A2622329833E9C001041CB /* ApiResponseModel.swift */; };
		17E093752942861900A85D9C /* IntroductionView.swift in Sources */ = {isa = PBXBuildFile; fileRef = 17E093742942861800A85D9C /* IntroductionView.swift */; };
		17F22EDD297B60C400FB1CEE /* LoginView.swift in Sources */ = {isa = PBXBuildFile; fileRef = 17F22EDC297B60C400FB1CEE /* LoginView.swift */; };
		17F22EDF297B60F700FB1CEE /* RegistrationView.swift in Sources */ = {isa = PBXBuildFile; fileRef = 17F22EDE297B60F700FB1CEE /* RegistrationView.swift */; };
/* End PBXBuildFile section */

/* Begin PBXContainerItemProxy section */
		17180BC3292FBAFA00882FA2 /* PBXContainerItemProxy */ = {
			isa = PBXContainerItemProxy;
			containerPortal = 17180BAA292FBAF600882FA2 /* Project object */;
			proxyType = 1;
			remoteGlobalIDString = 17180BB1292FBAF700882FA2;
			remoteInfo = YeetWork;
		};
		17180BCD292FBAFA00882FA2 /* PBXContainerItemProxy */ = {
			isa = PBXContainerItemProxy;
			containerPortal = 17180BAA292FBAF600882FA2 /* Project object */;
			proxyType = 1;
			remoteGlobalIDString = 17180BB1292FBAF700882FA2;
			remoteInfo = YeetWork;
		};
/* End PBXContainerItemProxy section */

/* Begin PBXFileReference section */
		1700F9CA294B972A00FB11F9 /* IntroductionViewModel.swift */ = {isa = PBXFileReference; lastKnownFileType = sourcecode.swift; path = IntroductionViewModel.swift; sourceTree = "<group>"; };
		17180BB2292FBAF700882FA2 /* YeetWork.app */ = {isa = PBXFileReference; explicitFileType = wrapper.application; includeInIndex = 0; path = YeetWork.app; sourceTree = BUILT_PRODUCTS_DIR; };
		17180BB5292FBAF700882FA2 /* YeetWorkApp.swift */ = {isa = PBXFileReference; lastKnownFileType = sourcecode.swift; path = YeetWorkApp.swift; sourceTree = "<group>"; };
		17180BB9292FBAFA00882FA2 /* Assets.xcassets */ = {isa = PBXFileReference; lastKnownFileType = folder.assetcatalog; path = Assets.xcassets; sourceTree = "<group>"; };
		17180BBC292FBAFA00882FA2 /* Preview Assets.xcassets */ = {isa = PBXFileReference; lastKnownFileType = folder.assetcatalog; path = "Preview Assets.xcassets"; sourceTree = "<group>"; };
		17180BC2292FBAFA00882FA2 /* YeetWorkTests.xctest */ = {isa = PBXFileReference; explicitFileType = wrapper.cfbundle; includeInIndex = 0; path = YeetWorkTests.xctest; sourceTree = BUILT_PRODUCTS_DIR; };
		17180BC6292FBAFA00882FA2 /* YeetWorkTests.swift */ = {isa = PBXFileReference; lastKnownFileType = sourcecode.swift; path = YeetWorkTests.swift; sourceTree = "<group>"; };
		17180BCC292FBAFA00882FA2 /* YeetWorkUITests.xctest */ = {isa = PBXFileReference; explicitFileType = wrapper.cfbundle; includeInIndex = 0; path = YeetWorkUITests.xctest; sourceTree = BUILT_PRODUCTS_DIR; };
		17180BD0292FBAFA00882FA2 /* YeetWorkUITests.swift */ = {isa = PBXFileReference; lastKnownFileType = sourcecode.swift; path = YeetWorkUITests.swift; sourceTree = "<group>"; };
		17180BD2292FBAFA00882FA2 /* YeetWorkUITestsLaunchTests.swift */ = {isa = PBXFileReference; lastKnownFileType = sourcecode.swift; path = YeetWorkUITestsLaunchTests.swift; sourceTree = "<group>"; };
		17185A182980765A00155EB9 /* BottomBarView.swift */ = {isa = PBXFileReference; lastKnownFileType = sourcecode.swift; path = BottomBarView.swift; sourceTree = "<group>"; };
		1729F019298587770008AF71 /* SearchFreelancerModel.swift */ = {isa = PBXFileReference; lastKnownFileType = sourcecode.swift; path = SearchFreelancerModel.swift; sourceTree = "<group>"; };
		1729F01B298588A20008AF71 /* CategoriesView.swift */ = {isa = PBXFileReference; lastKnownFileType = sourcecode.swift; path = CategoriesView.swift; sourceTree = "<group>"; };
		1729F01D29858F9A0008AF71 /* LocationsView.swift */ = {isa = PBXFileReference; lastKnownFileType = sourcecode.swift; path = LocationsView.swift; sourceTree = "<group>"; };
		1729F01F298593EF0008AF71 /* SwitchSearch.swift */ = {isa = PBXFileReference; lastKnownFileType = sourcecode.swift; path = SwitchSearch.swift; sourceTree = "<group>"; };
		1729F0212986A8F90008AF71 /* FreelancersChoice.swift */ = {isa = PBXFileReference; lastKnownFileType = sourcecode.swift; path = FreelancersChoice.swift; sourceTree = "<group>"; };
		173B067A2986B01100FA5EA4 /* FreelancersChoiceModelView.swift */ = {isa = PBXFileReference; lastKnownFileType = sourcecode.swift; path = FreelancersChoiceModelView.swift; sourceTree = "<group>"; };
		173B067C2987018600FA5EA4 /* FreelancerDetails.swift */ = {isa = PBXFileReference; lastKnownFileType = sourcecode.swift; path = FreelancerDetails.swift; sourceTree = "<group>"; };
		177BA950296F80890070A328 /* GoogleService-Info.plist */ = {isa = PBXFileReference; fileEncoding = 4; lastKnownFileType = text.plist.xml; path = "GoogleService-Info.plist"; sourceTree = "<group>"; };
		177BA956296F83710070A328 /* AuthView.swift */ = {isa = PBXFileReference; lastKnownFileType = sourcecode.swift; path = AuthView.swift; sourceTree = "<group>"; };
		177BA958296F83B40070A328 /* AuthViewModel.swift */ = {isa = PBXFileReference; lastKnownFileType = sourcecode.swift; path = AuthViewModel.swift; sourceTree = "<group>"; };
		177BA95B2970215F0070A328 /* HomeView.swift */ = {isa = PBXFileReference; lastKnownFileType = sourcecode.swift; path = HomeView.swift; sourceTree = "<group>"; };
		177BA95E29702EF50070A328 /* AccountView.swift */ = {isa = PBXFileReference; lastKnownFileType = sourcecode.swift; path = AccountView.swift; sourceTree = "<group>"; };
		17A2621B2983366F001041CB /* BoxView.swift */ = {isa = PBXFileReference; lastKnownFileType = sourcecode.swift; path = BoxView.swift; sourceTree = "<group>"; };
		17A2621D2983371B001041CB /* PopularView.swift */ = {isa = PBXFileReference; lastKnownFileType = sourcecode.swift; path = PopularView.swift; sourceTree = "<group>"; };
		17A2621F2983374C001041CB /* ListBoxesView.swift */ = {isa = PBXFileReference; lastKnownFileType = sourcecode.swift; path = ListBoxesView.swift; sourceTree = "<group>"; };
		17A2622129833B8C001041CB /* HomeViewModel.swift */ = {isa = PBXFileReference; lastKnownFileType = sourcecode.swift; path = HomeViewModel.swift; sourceTree = "<group>"; };
		17A2622329833E9C001041CB /* ApiResponseModel.swift */ = {isa = PBXFileReference; lastKnownFileType = sourcecode.swift; path = ApiResponseModel.swift; sourceTree = "<group>"; };
		17E093742942861800A85D9C /* IntroductionView.swift */ = {isa = PBXFileReference; lastKnownFileType = sourcecode.swift; path = IntroductionView.swift; sourceTree = "<group>"; };
		17F22EDC297B60C400FB1CEE /* LoginView.swift */ = {isa = PBXFileReference; lastKnownFileType = sourcecode.swift; path = LoginView.swift; sourceTree = "<group>"; };
		17F22EDE297B60F700FB1CEE /* RegistrationView.swift */ = {isa = PBXFileReference; lastKnownFileType = sourcecode.swift; path = RegistrationView.swift; sourceTree = "<group>"; };
/* End PBXFileReference section */

/* Begin PBXFrameworksBuildPhase section */
		17180BAF292FBAF700882FA2 /* Frameworks */ = {
			isa = PBXFrameworksBuildPhase;
			buildActionMask = 2147483647;
			files = (
				177BA954296F822E0070A328 /* FirebaseAuth in Frameworks */,
			);
			runOnlyForDeploymentPostprocessing = 0;
		};
		17180BBF292FBAFA00882FA2 /* Frameworks */ = {
			isa = PBXFrameworksBuildPhase;
			buildActionMask = 2147483647;
			files = (
			);
			runOnlyForDeploymentPostprocessing = 0;
		};
		17180BC9292FBAFA00882FA2 /* Frameworks */ = {
			isa = PBXFrameworksBuildPhase;
			buildActionMask = 2147483647;
			files = (
			);
			runOnlyForDeploymentPostprocessing = 0;
		};
/* End PBXFrameworksBuildPhase section */

/* Begin PBXGroup section */
		1700F9C9294B970300FB11F9 /* Introduction */ = {
			isa = PBXGroup;
			children = (
				17E093742942861800A85D9C /* IntroductionView.swift */,
				1700F9CA294B972A00FB11F9 /* IntroductionViewModel.swift */,
			);
			path = Introduction;
			sourceTree = "<group>";
		};
		17180BA9292FBAF600882FA2 = {
			isa = PBXGroup;
			children = (
				17180BB4292FBAF700882FA2 /* YeetWork */,
				17180BC5292FBAFA00882FA2 /* YeetWorkTests */,
				17180BCF292FBAFA00882FA2 /* YeetWorkUITests */,
				17180BB3292FBAF700882FA2 /* Products */,
			);
			sourceTree = "<group>";
		};
		17180BB3292FBAF700882FA2 /* Products */ = {
			isa = PBXGroup;
			children = (
				17180BB2292FBAF700882FA2 /* YeetWork.app */,
				17180BC2292FBAFA00882FA2 /* YeetWorkTests.xctest */,
				17180BCC292FBAFA00882FA2 /* YeetWorkUITests.xctest */,
			);
			name = Products;
			sourceTree = "<group>";
		};
		17180BB4292FBAF700882FA2 /* YeetWork */ = {
			isa = PBXGroup;
			children = (
				1729F018298587510008AF71 /* SearchFreelancer */,
				17185A172980763B00155EB9 /* BottomBar */,
				177BA95D29702ECC0070A328 /* Account */,
				177BA95A2970213D0070A328 /* Home */,
				177BA955296F834B0070A328 /* Auth */,
				177BA950296F80890070A328 /* GoogleService-Info.plist */,
				1700F9C9294B970300FB11F9 /* Introduction */,
				17180BB5292FBAF700882FA2 /* YeetWorkApp.swift */,
				17180BB9292FBAFA00882FA2 /* Assets.xcassets */,
				17180BBB292FBAFA00882FA2 /* Preview Content */,
			);
			path = YeetWork;
			sourceTree = "<group>";
		};
		17180BBB292FBAFA00882FA2 /* Preview Content */ = {
			isa = PBXGroup;
			children = (
				17180BBC292FBAFA00882FA2 /* Preview Assets.xcassets */,
			);
			path = "Preview Content";
			sourceTree = "<group>";
		};
		17180BC5292FBAFA00882FA2 /* YeetWorkTests */ = {
			isa = PBXGroup;
			children = (
				17180BC6292FBAFA00882FA2 /* YeetWorkTests.swift */,
			);
			path = YeetWorkTests;
			sourceTree = "<group>";
		};
		17180BCF292FBAFA00882FA2 /* YeetWorkUITests */ = {
			isa = PBXGroup;
			children = (
				17180BD0292FBAFA00882FA2 /* YeetWorkUITests.swift */,
				17180BD2292FBAFA00882FA2 /* YeetWorkUITestsLaunchTests.swift */,
			);
			path = YeetWorkUITests;
			sourceTree = "<group>";
		};
		17185A172980763B00155EB9 /* BottomBar */ = {
			isa = PBXGroup;
			children = (
				17185A182980765A00155EB9 /* BottomBarView.swift */,
			);
			path = BottomBar;
			sourceTree = "<group>";
		};
		1729F018298587510008AF71 /* SearchFreelancer */ = {
			isa = PBXGroup;
			children = (
				1729F019298587770008AF71 /* SearchFreelancerModel.swift */,
				1729F01B298588A20008AF71 /* CategoriesView.swift */,
				1729F01D29858F9A0008AF71 /* LocationsView.swift */,
				1729F01F298593EF0008AF71 /* SwitchSearch.swift */,
				1729F0212986A8F90008AF71 /* FreelancersChoice.swift */,
				173B067C2987018600FA5EA4 /* FreelancerDetails.swift */,
				173B067A2986B01100FA5EA4 /* FreelancersChoiceModelView.swift */,
			);
			path = SearchFreelancer;
			sourceTree = "<group>";
		};
		177BA955296F834B0070A328 /* Auth */ = {
			isa = PBXGroup;
			children = (
				177BA956296F83710070A328 /* AuthView.swift */,
				17F22EDE297B60F700FB1CEE /* RegistrationView.swift */,
				177BA958296F83B40070A328 /* AuthViewModel.swift */,
				17F22EDC297B60C400FB1CEE /* LoginView.swift */,
			);
			path = Auth;
			sourceTree = "<group>";
		};
		177BA95A2970213D0070A328 /* Home */ = {
			isa = PBXGroup;
			children = (
				177BA95B2970215F0070A328 /* HomeView.swift */,
				17A2622129833B8C001041CB /* HomeViewModel.swift */,
				17A2621F2983374C001041CB /* ListBoxesView.swift */,
				17A2621B2983366F001041CB /* BoxView.swift */,
				17A2621D2983371B001041CB /* PopularView.swift */,
				17A2622329833E9C001041CB /* ApiResponseModel.swift */,
			);
			path = Home;
			sourceTree = "<group>";
		};
		177BA95D29702ECC0070A328 /* Account */ = {
			isa = PBXGroup;
			children = (
				177BA95E29702EF50070A328 /* AccountView.swift */,
			);
			path = Account;
			sourceTree = "<group>";
		};
/* End PBXGroup section */

/* Begin PBXNativeTarget section */
		17180BB1292FBAF700882FA2 /* YeetWork */ = {
			isa = PBXNativeTarget;
			buildConfigurationList = 17180BD6292FBAFA00882FA2 /* Build configuration list for PBXNativeTarget "YeetWork" */;
			buildPhases = (
				17180BAE292FBAF700882FA2 /* Sources */,
				17180BAF292FBAF700882FA2 /* Frameworks */,
				17180BB0292FBAF700882FA2 /* Resources */,
			);
			buildRules = (
			);
			dependencies = (
			);
			name = YeetWork;
			packageProductDependencies = (
				177BA953296F822E0070A328 /* FirebaseAuth */,
			);
			productName = YeetWork;
			productReference = 17180BB2292FBAF700882FA2 /* YeetWork.app */;
			productType = "com.apple.product-type.application";
		};
		17180BC1292FBAFA00882FA2 /* YeetWorkTests */ = {
			isa = PBXNativeTarget;
			buildConfigurationList = 17180BD9292FBAFA00882FA2 /* Build configuration list for PBXNativeTarget "YeetWorkTests" */;
			buildPhases = (
				17180BBE292FBAFA00882FA2 /* Sources */,
				17180BBF292FBAFA00882FA2 /* Frameworks */,
				17180BC0292FBAFA00882FA2 /* Resources */,
			);
			buildRules = (
			);
			dependencies = (
				17180BC4292FBAFA00882FA2 /* PBXTargetDependency */,
			);
			name = YeetWorkTests;
			productName = YeetWorkTests;
			productReference = 17180BC2292FBAFA00882FA2 /* YeetWorkTests.xctest */;
			productType = "com.apple.product-type.bundle.unit-test";
		};
		17180BCB292FBAFA00882FA2 /* YeetWorkUITests */ = {
			isa = PBXNativeTarget;
			buildConfigurationList = 17180BDC292FBAFA00882FA2 /* Build configuration list for PBXNativeTarget "YeetWorkUITests" */;
			buildPhases = (
				17180BC8292FBAFA00882FA2 /* Sources */,
				17180BC9292FBAFA00882FA2 /* Frameworks */,
				17180BCA292FBAFA00882FA2 /* Resources */,
			);
			buildRules = (
			);
			dependencies = (
				17180BCE292FBAFA00882FA2 /* PBXTargetDependency */,
			);
			name = YeetWorkUITests;
			productName = YeetWorkUITests;
			productReference = 17180BCC292FBAFA00882FA2 /* YeetWorkUITests.xctest */;
			productType = "com.apple.product-type.bundle.ui-testing";
		};
/* End PBXNativeTarget section */

/* Begin PBXProject section */
		17180BAA292FBAF600882FA2 /* Project object */ = {
			isa = PBXProject;
			attributes = {
				BuildIndependentTargetsInParallel = 1;
				LastSwiftUpdateCheck = 1410;
				LastUpgradeCheck = 1410;
				TargetAttributes = {
					17180BB1292FBAF700882FA2 = {
						CreatedOnToolsVersion = 14.1;
					};
					17180BC1292FBAFA00882FA2 = {
						CreatedOnToolsVersion = 14.1;
						TestTargetID = 17180BB1292FBAF700882FA2;
					};
					17180BCB292FBAFA00882FA2 = {
						CreatedOnToolsVersion = 14.1;
						TestTargetID = 17180BB1292FBAF700882FA2;
					};
				};
			};
			buildConfigurationList = 17180BAD292FBAF600882FA2 /* Build configuration list for PBXProject "YeetWork" */;
			compatibilityVersion = "Xcode 14.0";
			developmentRegion = en;
			hasScannedForEncodings = 0;
			knownRegions = (
				en,
				Base,
			);
			mainGroup = 17180BA9292FBAF600882FA2;
			packageReferences = (
				177BA952296F822E0070A328 /* XCRemoteSwiftPackageReference "firebase-ios-sdk" */,
			);
			productRefGroup = 17180BB3292FBAF700882FA2 /* Products */;
			projectDirPath = "";
			projectRoot = "";
			targets = (
				17180BB1292FBAF700882FA2 /* YeetWork */,
				17180BC1292FBAFA00882FA2 /* YeetWorkTests */,
				17180BCB292FBAFA00882FA2 /* YeetWorkUITests */,
			);
		};
/* End PBXProject section */

/* Begin PBXResourcesBuildPhase section */
		17180BB0292FBAF700882FA2 /* Resources */ = {
			isa = PBXResourcesBuildPhase;
			buildActionMask = 2147483647;
			files = (
				17180BBD292FBAFA00882FA2 /* Preview Assets.xcassets in Resources */,
				17180BBA292FBAFA00882FA2 /* Assets.xcassets in Resources */,
				177BA951296F808A0070A328 /* GoogleService-Info.plist in Resources */,
			);
			runOnlyForDeploymentPostprocessing = 0;
		};
		17180BC0292FBAFA00882FA2 /* Resources */ = {
			isa = PBXResourcesBuildPhase;
			buildActionMask = 2147483647;
			files = (
			);
			runOnlyForDeploymentPostprocessing = 0;
		};
		17180BCA292FBAFA00882FA2 /* Resources */ = {
			isa = PBXResourcesBuildPhase;
			buildActionMask = 2147483647;
			files = (
			);
			runOnlyForDeploymentPostprocessing = 0;
		};
/* End PBXResourcesBuildPhase section */

/* Begin PBXSourcesBuildPhase section */
		17180BAE292FBAF700882FA2 /* Sources */ = {
			isa = PBXSourcesBuildPhase;
			buildActionMask = 2147483647;
			files = (
				177BA959296F83B40070A328 /* AuthViewModel.swift in Sources */,
				173B067B2986B01100FA5EA4 /* FreelancersChoiceModelView.swift in Sources */,
				177BA957296F83710070A328 /* AuthView.swift in Sources */,
				177BA95C2970215F0070A328 /* HomeView.swift in Sources */,
				17185A192980765A00155EB9 /* BottomBarView.swift in Sources */,
				17F22EDF297B60F700FB1CEE /* RegistrationView.swift in Sources */,
				17E093752942861900A85D9C /* IntroductionView.swift in Sources */,
				1729F01C298588A20008AF71 /* CategoriesView.swift in Sources */,
				177BA95F29702EF50070A328 /* AccountView.swift in Sources */,
				1729F01A298587770008AF71 /* SearchFreelancerModel.swift in Sources */,
				17180BB6292FBAF700882FA2 /* YeetWorkApp.swift in Sources */,
				17A2622429833E9C001041CB /* ApiResponseModel.swift in Sources */,
				17F22EDD297B60C400FB1CEE /* LoginView.swift in Sources */,
				17A2622229833B8C001041CB /* HomeViewModel.swift in Sources */,
				1700F9CB294B972A00FB11F9 /* IntroductionViewModel.swift in Sources */,
				17A2621E2983371B001041CB /* PopularView.swift in Sources */,
				1729F01E29858F9A0008AF71 /* LocationsView.swift in Sources */,
				17A262202983374C001041CB /* ListBoxesView.swift in Sources */,
				1729F020298593EF0008AF71 /* SwitchSearch.swift in Sources */,
				173B067D2987018600FA5EA4 /* FreelancerDetails.swift in Sources */,
				17A2621C2983366F001041CB /* BoxView.swift in Sources */,
				1729F0222986A8F90008AF71 /* FreelancersChoice.swift in Sources */,
			);
			runOnlyForDeploymentPostprocessing = 0;
		};
		17180BBE292FBAFA00882FA2 /* Sources */ = {
			isa = PBXSourcesBuildPhase;
			buildActionMask = 2147483647;
			files = (
				17180BC7292FBAFA00882FA2 /* YeetWorkTests.swift in Sources */,
			);
			runOnlyForDeploymentPostprocessing = 0;
		};
		17180BC8292FBAFA00882FA2 /* Sources */ = {
			isa = PBXSourcesBuildPhase;
			buildActionMask = 2147483647;
			files = (
				17180BD3292FBAFA00882FA2 /* YeetWorkUITestsLaunchTests.swift in Sources */,
				17180BD1292FBAFA00882FA2 /* YeetWorkUITests.swift in Sources */,
			);
			runOnlyForDeploymentPostprocessing = 0;
		};
/* End PBXSourcesBuildPhase section */

/* Begin PBXTargetDependency section */
		17180BC4292FBAFA00882FA2 /* PBXTargetDependency */ = {
			isa = PBXTargetDependency;
			target = 17180BB1292FBAF700882FA2 /* YeetWork */;
			targetProxy = 17180BC3292FBAFA00882FA2 /* PBXContainerItemProxy */;
		};
		17180BCE292FBAFA00882FA2 /* PBXTargetDependency */ = {
			isa = PBXTargetDependency;
			target = 17180BB1292FBAF700882FA2 /* YeetWork */;
			targetProxy = 17180BCD292FBAFA00882FA2 /* PBXContainerItemProxy */;
		};
/* End PBXTargetDependency section */

/* Begin XCBuildConfiguration section */
		17180BD4292FBAFA00882FA2 /* Debug */ = {
			isa = XCBuildConfiguration;
			buildSettings = {
				ALWAYS_SEARCH_USER_PATHS = NO;
				CLANG_ANALYZER_NONNULL = YES;
				CLANG_ANALYZER_NUMBER_OBJECT_CONVERSION = YES_AGGRESSIVE;
				CLANG_CXX_LANGUAGE_STANDARD = "gnu++20";
				CLANG_ENABLE_MODULES = YES;
				CLANG_ENABLE_OBJC_ARC = YES;
				CLANG_ENABLE_OBJC_WEAK = YES;
				CLANG_WARN_BLOCK_CAPTURE_AUTORELEASING = YES;
				CLANG_WARN_BOOL_CONVERSION = YES;
				CLANG_WARN_COMMA = YES;
				CLANG_WARN_CONSTANT_CONVERSION = YES;
				CLANG_WARN_DEPRECATED_OBJC_IMPLEMENTATIONS = YES;
				CLANG_WARN_DIRECT_OBJC_ISA_USAGE = YES_ERROR;
				CLANG_WARN_DOCUMENTATION_COMMENTS = YES;
				CLANG_WARN_EMPTY_BODY = YES;
				CLANG_WARN_ENUM_CONVERSION = YES;
				CLANG_WARN_INFINITE_RECURSION = YES;
				CLANG_WARN_INT_CONVERSION = YES;
				CLANG_WARN_NON_LITERAL_NULL_CONVERSION = YES;
				CLANG_WARN_OBJC_IMPLICIT_RETAIN_SELF = YES;
				CLANG_WARN_OBJC_LITERAL_CONVERSION = YES;
				CLANG_WARN_OBJC_ROOT_CLASS = YES_ERROR;
				CLANG_WARN_QUOTED_INCLUDE_IN_FRAMEWORK_HEADER = YES;
				CLANG_WARN_RANGE_LOOP_ANALYSIS = YES;
				CLANG_WARN_STRICT_PROTOTYPES = YES;
				CLANG_WARN_SUSPICIOUS_MOVE = YES;
				CLANG_WARN_UNGUARDED_AVAILABILITY = YES_AGGRESSIVE;
				CLANG_WARN_UNREACHABLE_CODE = YES;
				CLANG_WARN__DUPLICATE_METHOD_MATCH = YES;
				COPY_PHASE_STRIP = NO;
				DEBUG_INFORMATION_FORMAT = dwarf;
				ENABLE_STRICT_OBJC_MSGSEND = YES;
				ENABLE_TESTABILITY = YES;
				GCC_C_LANGUAGE_STANDARD = gnu11;
				GCC_DYNAMIC_NO_PIC = NO;
				GCC_NO_COMMON_BLOCKS = YES;
				GCC_OPTIMIZATION_LEVEL = 0;
				GCC_PREPROCESSOR_DEFINITIONS = (
					"DEBUG=1",
					"$(inherited)",
				);
				GCC_WARN_64_TO_32_BIT_CONVERSION = YES;
				GCC_WARN_ABOUT_RETURN_TYPE = YES_ERROR;
				GCC_WARN_UNDECLARED_SELECTOR = YES;
				GCC_WARN_UNINITIALIZED_AUTOS = YES_AGGRESSIVE;
				GCC_WARN_UNUSED_FUNCTION = YES;
				GCC_WARN_UNUSED_VARIABLE = YES;
				IPHONEOS_DEPLOYMENT_TARGET = 16.1;
				MTL_ENABLE_DEBUG_INFO = INCLUDE_SOURCE;
				MTL_FAST_MATH = YES;
				ONLY_ACTIVE_ARCH = YES;
				SDKROOT = iphoneos;
				SWIFT_ACTIVE_COMPILATION_CONDITIONS = DEBUG;
				SWIFT_OPTIMIZATION_LEVEL = "-Onone";
			};
			name = Debug;
		};
		17180BD5292FBAFA00882FA2 /* Release */ = {
			isa = XCBuildConfiguration;
			buildSettings = {
				ALWAYS_SEARCH_USER_PATHS = NO;
				CLANG_ANALYZER_NONNULL = YES;
				CLANG_ANALYZER_NUMBER_OBJECT_CONVERSION = YES_AGGRESSIVE;
				CLANG_CXX_LANGUAGE_STANDARD = "gnu++20";
				CLANG_ENABLE_MODULES = YES;
				CLANG_ENABLE_OBJC_ARC = YES;
				CLANG_ENABLE_OBJC_WEAK = YES;
				CLANG_WARN_BLOCK_CAPTURE_AUTORELEASING = YES;
				CLANG_WARN_BOOL_CONVERSION = YES;
				CLANG_WARN_COMMA = YES;
				CLANG_WARN_CONSTANT_CONVERSION = YES;
				CLANG_WARN_DEPRECATED_OBJC_IMPLEMENTATIONS = YES;
				CLANG_WARN_DIRECT_OBJC_ISA_USAGE = YES_ERROR;
				CLANG_WARN_DOCUMENTATION_COMMENTS = YES;
				CLANG_WARN_EMPTY_BODY = YES;
				CLANG_WARN_ENUM_CONVERSION = YES;
				CLANG_WARN_INFINITE_RECURSION = YES;
				CLANG_WARN_INT_CONVERSION = YES;
				CLANG_WARN_NON_LITERAL_NULL_CONVERSION = YES;
				CLANG_WARN_OBJC_IMPLICIT_RETAIN_SELF = YES;
				CLANG_WARN_OBJC_LITERAL_CONVERSION = YES;
				CLANG_WARN_OBJC_ROOT_CLASS = YES_ERROR;
				CLANG_WARN_QUOTED_INCLUDE_IN_FRAMEWORK_HEADER = YES;
				CLANG_WARN_RANGE_LOOP_ANALYSIS = YES;
				CLANG_WARN_STRICT_PROTOTYPES = YES;
				CLANG_WARN_SUSPICIOUS_MOVE = YES;
				CLANG_WARN_UNGUARDED_AVAILABILITY = YES_AGGRESSIVE;
				CLANG_WARN_UNREACHABLE_CODE = YES;
				CLANG_WARN__DUPLICATE_METHOD_MATCH = YES;
				COPY_PHASE_STRIP = NO;
				DEBUG_INFORMATION_FORMAT = "dwarf-with-dsym";
				ENABLE_NS_ASSERTIONS = NO;
				ENABLE_STRICT_OBJC_MSGSEND = YES;
				GCC_C_LANGUAGE_STANDARD = gnu11;
				GCC_NO_COMMON_BLOCKS = YES;
				GCC_WARN_64_TO_32_BIT_CONVERSION = YES;
				GCC_WARN_ABOUT_RETURN_TYPE = YES_ERROR;
				GCC_WARN_UNDECLARED_SELECTOR = YES;
				GCC_WARN_UNINITIALIZED_AUTOS = YES_AGGRESSIVE;
				GCC_WARN_UNUSED_FUNCTION = YES;
				GCC_WARN_UNUSED_VARIABLE = YES;
				IPHONEOS_DEPLOYMENT_TARGET = 16.1;
				MTL_ENABLE_DEBUG_INFO = NO;
				MTL_FAST_MATH = YES;
				SDKROOT = iphoneos;
				SWIFT_COMPILATION_MODE = wholemodule;
				SWIFT_OPTIMIZATION_LEVEL = "-O";
				VALIDATE_PRODUCT = YES;
			};
			name = Release;
		};
		17180BD7292FBAFA00882FA2 /* Debug */ = {
			isa = XCBuildConfiguration;
			buildSettings = {
				ASSETCATALOG_COMPILER_APPICON_NAME = AppIcon;
				ASSETCATALOG_COMPILER_GLOBAL_ACCENT_COLOR_NAME = AccentColor;
				CODE_SIGN_STYLE = Automatic;
				CURRENT_PROJECT_VERSION = 1;
				DEVELOPMENT_ASSET_PATHS = "\"YeetWork/Preview Content\"";
				DEVELOPMENT_TEAM = 7FV6Q4NKJ5;
				ENABLE_PREVIEWS = YES;
				GENERATE_INFOPLIST_FILE = YES;
				INFOPLIST_KEY_UIApplicationSceneManifest_Generation = YES;
				INFOPLIST_KEY_UIApplicationSupportsIndirectInputEvents = YES;
				INFOPLIST_KEY_UILaunchScreen_Generation = YES;
				INFOPLIST_KEY_UISupportedInterfaceOrientations_iPad = "UIInterfaceOrientationPortrait UIInterfaceOrientationPortraitUpsideDown UIInterfaceOrientationLandscapeLeft UIInterfaceOrientationLandscapeRight";
				INFOPLIST_KEY_UISupportedInterfaceOrientations_iPhone = "UIInterfaceOrientationPortrait UIInterfaceOrientationLandscapeLeft UIInterfaceOrientationLandscapeRight";
				LD_RUNPATH_SEARCH_PATHS = (
					"$(inherited)",
					"@executable_path/Frameworks",
				);
				MARKETING_VERSION = 1.0;
				PRODUCT_BUNDLE_IDENTIFIER = valentina.ronchi.YeetWork;
				PRODUCT_NAME = "$(TARGET_NAME)";
				SWIFT_EMIT_LOC_STRINGS = YES;
				SWIFT_VERSION = 5.0;
				TARGETED_DEVICE_FAMILY = "1,2";
			};
			name = Debug;
		};
		17180BD8292FBAFA00882FA2 /* Release */ = {
			isa = XCBuildConfiguration;
			buildSettings = {
				ASSETCATALOG_COMPILER_APPICON_NAME = AppIcon;
				ASSETCATALOG_COMPILER_GLOBAL_ACCENT_COLOR_NAME = AccentColor;
				CODE_SIGN_STYLE = Automatic;
				CURRENT_PROJECT_VERSION = 1;
				DEVELOPMENT_ASSET_PATHS = "\"YeetWork/Preview Content\"";
				DEVELOPMENT_TEAM = 7FV6Q4NKJ5;
				ENABLE_PREVIEWS = YES;
				GENERATE_INFOPLIST_FILE = YES;
				INFOPLIST_KEY_UIApplicationSceneManifest_Generation = YES;
				INFOPLIST_KEY_UIApplicationSupportsIndirectInputEvents = YES;
				INFOPLIST_KEY_UILaunchScreen_Generation = YES;
				INFOPLIST_KEY_UISupportedInterfaceOrientations_iPad = "UIInterfaceOrientationPortrait UIInterfaceOrientationPortraitUpsideDown UIInterfaceOrientationLandscapeLeft UIInterfaceOrientationLandscapeRight";
				INFOPLIST_KEY_UISupportedInterfaceOrientations_iPhone = "UIInterfaceOrientationPortrait UIInterfaceOrientationLandscapeLeft UIInterfaceOrientationLandscapeRight";
				LD_RUNPATH_SEARCH_PATHS = (
					"$(inherited)",
					"@executable_path/Frameworks",
				);
				MARKETING_VERSION = 1.0;
				PRODUCT_BUNDLE_IDENTIFIER = valentina.ronchi.YeetWork;
				PRODUCT_NAME = "$(TARGET_NAME)";
				SWIFT_EMIT_LOC_STRINGS = YES;
				SWIFT_VERSION = 5.0;
				TARGETED_DEVICE_FAMILY = "1,2";
			};
			name = Release;
		};
		17180BDA292FBAFA00882FA2 /* Debug */ = {
			isa = XCBuildConfiguration;
			buildSettings = {
				ALWAYS_EMBED_SWIFT_STANDARD_LIBRARIES = YES;
				BUNDLE_LOADER = "$(TEST_HOST)";
				CODE_SIGN_STYLE = Automatic;
				CURRENT_PROJECT_VERSION = 1;
				DEVELOPMENT_TEAM = 7FV6Q4NKJ5;
				GENERATE_INFOPLIST_FILE = YES;
				IPHONEOS_DEPLOYMENT_TARGET = 16.1;
				MARKETING_VERSION = 1.0;
				PRODUCT_BUNDLE_IDENTIFIER = valentina.ronchi.YeetWorkTests;
				PRODUCT_NAME = "$(TARGET_NAME)";
				SWIFT_EMIT_LOC_STRINGS = NO;
				SWIFT_VERSION = 5.0;
				TARGETED_DEVICE_FAMILY = "1,2";
				TEST_HOST = "$(BUILT_PRODUCTS_DIR)/YeetWork.app/$(BUNDLE_EXECUTABLE_FOLDER_PATH)/YeetWork";
			};
			name = Debug;
		};
		17180BDB292FBAFA00882FA2 /* Release */ = {
			isa = XCBuildConfiguration;
			buildSettings = {
				ALWAYS_EMBED_SWIFT_STANDARD_LIBRARIES = YES;
				BUNDLE_LOADER = "$(TEST_HOST)";
				CODE_SIGN_STYLE = Automatic;
				CURRENT_PROJECT_VERSION = 1;
				DEVELOPMENT_TEAM = 7FV6Q4NKJ5;
				GENERATE_INFOPLIST_FILE = YES;
				IPHONEOS_DEPLOYMENT_TARGET = 16.1;
				MARKETING_VERSION = 1.0;
				PRODUCT_BUNDLE_IDENTIFIER = valentina.ronchi.YeetWorkTests;
				PRODUCT_NAME = "$(TARGET_NAME)";
				SWIFT_EMIT_LOC_STRINGS = NO;
				SWIFT_VERSION = 5.0;
				TARGETED_DEVICE_FAMILY = "1,2";
				TEST_HOST = "$(BUILT_PRODUCTS_DIR)/YeetWork.app/$(BUNDLE_EXECUTABLE_FOLDER_PATH)/YeetWork";
			};
			name = Release;
		};
		17180BDD292FBAFA00882FA2 /* Debug */ = {
			isa = XCBuildConfiguration;
			buildSettings = {
				ALWAYS_EMBED_SWIFT_STANDARD_LIBRARIES = YES;
				CODE_SIGN_STYLE = Automatic;
				CURRENT_PROJECT_VERSION = 1;
				DEVELOPMENT_TEAM = 7FV6Q4NKJ5;
				GENERATE_INFOPLIST_FILE = YES;
				MARKETING_VERSION = 1.0;
				PRODUCT_BUNDLE_IDENTIFIER = valentina.ronchi.YeetWorkUITests;
				PRODUCT_NAME = "$(TARGET_NAME)";
				SWIFT_EMIT_LOC_STRINGS = NO;
				SWIFT_VERSION = 5.0;
				TARGETED_DEVICE_FAMILY = "1,2";
				TEST_TARGET_NAME = YeetWork;
			};
			name = Debug;
		};
		17180BDE292FBAFA00882FA2 /* Release */ = {
			isa = XCBuildConfiguration;
			buildSettings = {
				ALWAYS_EMBED_SWIFT_STANDARD_LIBRARIES = YES;
				CODE_SIGN_STYLE = Automatic;
				CURRENT_PROJECT_VERSION = 1;
				DEVELOPMENT_TEAM = 7FV6Q4NKJ5;
				GENERATE_INFOPLIST_FILE = YES;
				MARKETING_VERSION = 1.0;
				PRODUCT_BUNDLE_IDENTIFIER = valentina.ronchi.YeetWorkUITests;
				PRODUCT_NAME = "$(TARGET_NAME)";
				SWIFT_EMIT_LOC_STRINGS = NO;
				SWIFT_VERSION = 5.0;
				TARGETED_DEVICE_FAMILY = "1,2";
				TEST_TARGET_NAME = YeetWork;
			};
			name = Release;
		};
/* End XCBuildConfiguration section */

/* Begin XCConfigurationList section */
		17180BAD292FBAF600882FA2 /* Build configuration list for PBXProject "YeetWork" */ = {
			isa = XCConfigurationList;
			buildConfigurations = (
				17180BD4292FBAFA00882FA2 /* Debug */,
				17180BD5292FBAFA00882FA2 /* Release */,
			);
			defaultConfigurationIsVisible = 0;
			defaultConfigurationName = Release;
		};
		17180BD6292FBAFA00882FA2 /* Build configuration list for PBXNativeTarget "YeetWork" */ = {
			isa = XCConfigurationList;
			buildConfigurations = (
				17180BD7292FBAFA00882FA2 /* Debug */,
				17180BD8292FBAFA00882FA2 /* Release */,
			);
			defaultConfigurationIsVisible = 0;
			defaultConfigurationName = Release;
		};
		17180BD9292FBAFA00882FA2 /* Build configuration list for PBXNativeTarget "YeetWorkTests" */ = {
			isa = XCConfigurationList;
			buildConfigurations = (
				17180BDA292FBAFA00882FA2 /* Debug */,
				17180BDB292FBAFA00882FA2 /* Release */,
			);
			defaultConfigurationIsVisible = 0;
			defaultConfigurationName = Release;
		};
		17180BDC292FBAFA00882FA2 /* Build configuration list for PBXNativeTarget "YeetWorkUITests" */ = {
			isa = XCConfigurationList;
			buildConfigurations = (
				17180BDD292FBAFA00882FA2 /* Debug */,
				17180BDE292FBAFA00882FA2 /* Release */,
			);
			defaultConfigurationIsVisible = 0;
			defaultConfigurationName = Release;
		};
/* End XCConfigurationList section */

/* Begin XCRemoteSwiftPackageReference section */
		177BA952296F822E0070A328 /* XCRemoteSwiftPackageReference "firebase-ios-sdk" */ = {
			isa = XCRemoteSwiftPackageReference;
			repositoryURL = "https://github.com/firebase/firebase-ios-sdk";
			requirement = {
				kind = upToNextMajorVersion;
				minimumVersion = 9.0.0;
			};
		};
/* End XCRemoteSwiftPackageReference section */

/* Begin XCSwiftPackageProductDependency section */
		177BA953296F822E0070A328 /* FirebaseAuth */ = {
			isa = XCSwiftPackageProductDependency;
			package = 177BA952296F822E0070A328 /* XCRemoteSwiftPackageReference "firebase-ios-sdk" */;
			productName = FirebaseAuth;
		};
/* End XCSwiftPackageProductDependency section */
	};
	rootObject = 17180BAA292FBAF600882FA2 /* Project object */;
}
